
Microsoft Visual Studio Solution File, Format Version 12.00
# Visual Studio Version 17
VisualStudioVersion = 17.14.36603.0
MinimumVisualStudioVersion = 10.0.40219.1
Project("{FAE04EC0-301F-11D3-BF4B-00C04F79EFBC}") = "pyfinal", "pyfinal\pyfinal.csproj", "{73B668FB-E533-4C32-88E9-21C10588EDE2}"
EndProject
Project("{FAE04EC0-301F-11D3-BF4B-00C04F79EFBC}") = "pyfinal_test", "pyfinal_test\pyfinal_test.csproj", "{49359EFE-9B1E-4615-9395-217FFFA053CC}"
EndProject
Global
	GlobalSection(SolutionConfigurationPlatforms) = preSolution
		Debug|Any CPU = Debug|Any CPU
		Release|Any CPU = Release|Any CPU
	EndGlobalSection
	GlobalSection(ProjectConfigurationPlatforms) = postSolution
		{73B668FB-E533-4C32-88E9-21C10588EDE2}.Debug|Any CPU.ActiveCfg = Debug|Any CPU
		{73B668FB-E533-4C32-88E9-21C10588EDE2}.Debug|Any CPU.Build.0 = Debug|Any CPU
		{73B668FB-E533-4C32-88E9-21C10588EDE2}.Release|Any CPU.ActiveCfg = Release|Any CPU
		{73B668FB-E533-4C32-88E9-21C10588EDE2}.Release|Any CPU.Build.0 = Release|Any CPU
		{49359EFE-9B1E-4615-9395-217FFFA053CC}.Debug|Any CPU.ActiveCfg = Debug|Any CPU
		{49359EFE-9B1E-4615-9395-217FFFA053CC}.Debug|Any CPU.Build.0 = Debug|Any CPU
		{49359EFE-9B1E-4615-9395-217FFFA053CC}.Release|Any CPU.ActiveCfg = Release|Any CPU
		{49359EFE-9B1E-4615-9395-217FFFA053CC}.Release|Any CPU.Build.0 = Release|Any CPU
	EndGlobalSection
	GlobalSection(SolutionProperties) = preSolution
		HideSolutionNode = FALSE
	EndGlobalSection
	GlobalSection(ExtensibilityGlobals) = postSolution
		SolutionGuid = {B1C51A7B-1D05-4F48-8645-7980C76F8462}
	EndGlobalSection
EndGlobal
